// !$*UTF8*$!
{
	archiveVersion = 1;
	classes = {
	};
	objectVersion = 50;
	objects = {

/* Begin PBXBuildFile section */
		B504C23A21CC2E1C002AF8BE /* AppDelegate.swift in Sources */ = {isa = PBXBuildFile; fileRef = B504C23921CC2E1C002AF8BE /* AppDelegate.swift */; };
		B504C23C21CC2E1C002AF8BE /* ViewController.swift in Sources */ = {isa = PBXBuildFile; fileRef = B504C23B21CC2E1C002AF8BE /* ViewController.swift */; };
		B504C23F21CC2E1C002AF8BE /* Main.storyboard in Resources */ = {isa = PBXBuildFile; fileRef = B504C23D21CC2E1C002AF8BE /* Main.storyboard */; };
		B504C24121CC2E1E002AF8BE /* Assets.xcassets in Resources */ = {isa = PBXBuildFile; fileRef = B504C24021CC2E1E002AF8BE /* Assets.xcassets */; };
		B504C24421CC2E1E002AF8BE /* LaunchScreen.storyboard in Resources */ = {isa = PBXBuildFile; fileRef = B504C24221CC2E1E002AF8BE /* LaunchScreen.storyboard */; };
		B504C24F21CC2E1E002AF8BE /* Tip_CalculatorTests.swift in Sources */ = {isa = PBXBuildFile; fileRef = B504C24E21CC2E1E002AF8BE /* Tip_CalculatorTests.swift */; };
		B504C25A21CC2E1E002AF8BE /* Tip_CalculatorUITests.swift in Sources */ = {isa = PBXBuildFile; fileRef = B504C25921CC2E1E002AF8BE /* Tip_CalculatorUITests.swift */; };
/* End PBXBuildFile section */

/* Begin PBXContainerItemProxy section */
		B504C24B21CC2E1E002AF8BE /* PBXContainerItemProxy */ = {
			isa = PBXContainerItemProxy;
			containerPortal = B504C22E21CC2E1C002AF8BE /* Project object */;
			proxyType = 1;
			remoteGlobalIDString = B504C23521CC2E1C002AF8BE;
			remoteInfo = "Tip Calculator";
		};
		B504C25621CC2E1E002AF8BE /* PBXContainerItemProxy */ = {
			isa = PBXContainerItemProxy;
			containerPortal = B504C22E21CC2E1C002AF8BE /* Project object */;
			proxyType = 1;
			remoteGlobalIDString = B504C23521CC2E1C002AF8BE;
			remoteInfo = "Tip Calculator";
		};
/* End PBXContainerItemProxy section */

/* Begin PBXFileReference section */
		B504C23621CC2E1C002AF8BE /* Tip Calculator.app */ = {isa = PBXFileReference; explicitFileType = wrapper.application; includeInIndex = 0; path = "Tip Calculator.app"; sourceTree = BUILT_PRODUCTS_DIR; };
		B504C23921CC2E1C002AF8BE /* AppDelegate.swift */ = {isa = PBXFileReference; lastKnownFileType = sourcecode.swift; path = AppDelegate.swift; sourceTree = "<group>"; };
		B504C23B21CC2E1C002AF8BE /* ViewController.swift */ = {isa = PBXFileReference; lastKnownFileType = sourcecode.swift; path = ViewController.swift; sourceTree = "<group>"; };
		B504C23E21CC2E1C002AF8BE /* Base */ = {isa = PBXFileReference; lastKnownFileType = file.storyboard; name = Base; path = Base.lproj/Main.storyboard; sourceTree = "<group>"; };
		B504C24021CC2E1E002AF8BE /* Assets.xcassets */ = {isa = PBXFileReference; lastKnownFileType = folder.assetcatalog; path = Assets.xcassets; sourceTree = "<group>"; };
		B504C24321CC2E1E002AF8BE /* Base */ = {isa = PBXFileReference; lastKnownFileType = file.storyboard; name = Base; path = Base.lproj/LaunchScreen.storyboard; sourceTree = "<group>"; };
		B504C24521CC2E1E002AF8BE /* Info.plist */ = {isa = PBXFileReference; lastKnownFileType = text.plist.xml; path = Info.plist; sourceTree = "<group>"; };
		B504C24A21CC2E1E002AF8BE /* Tip CalculatorTests.xctest */ = {isa = PBXFileReference; explicitFileType = wrapper.cfbundle; includeInIndex = 0; path = "Tip CalculatorTests.xctest"; sourceTree = BUILT_PRODUCTS_DIR; };
		B504C24E21CC2E1E002AF8BE /* Tip_CalculatorTests.swift */ = {isa = PBXFileReference; lastKnownFileType = sourcecode.swift; path = Tip_CalculatorTests.swift; sourceTree = "<group>"; };
		B504C25021CC2E1E002AF8BE /* Info.plist */ = {isa = PBXFileReference; lastKnownFileType = text.plist.xml; path = Info.plist; sourceTree = "<group>"; };
		B504C25521CC2E1E002AF8BE /* Tip CalculatorUITests.xctest */ = {isa = PBXFileReference; explicitFileType = wrapper.cfbundle; includeInIndex = 0; path = "Tip CalculatorUITests.xctest"; sourceTree = BUILT_PRODUCTS_DIR; };
		B504C25921CC2E1E002AF8BE /* Tip_CalculatorUITests.swift */ = {isa = PBXFileReference; lastKnownFileType = sourcecode.swift; path = Tip_CalculatorUITests.swift; sourceTree = "<group>"; };
		B504C25B21CC2E1E002AF8BE /* Info.plist */ = {isa = PBXFileReference; lastKnownFileType = text.plist.xml; path = Info.plist; sourceTree = "<group>"; };
/* End PBXFileReference section */

/* Begin PBXFrameworksBuildPhase section */
		B504C23321CC2E1C002AF8BE /* Frameworks */ = {
			isa = PBXFrameworksBuildPhase;
			buildActionMask = 2147483647;
			files = (
			);
			runOnlyForDeploymentPostprocessing = 0;
		};
		B504C24721CC2E1E002AF8BE /* Frameworks */ = {
			isa = PBXFrameworksBuildPhase;
			buildActionMask = 2147483647;
			files = (
			);
			runOnlyForDeploymentPostprocessing = 0;
		};
		B504C25221CC2E1E002AF8BE /* Frameworks */ = {
			isa = PBXFrameworksBuildPhase;
			buildActionMask = 2147483647;
			files = (
			);
			runOnlyForDeploymentPostprocessing = 0;
		};
/* End PBXFrameworksBuildPhase section */

/* Begin PBXGroup section */
		B504C22D21CC2E1C002AF8BE = {
			isa = PBXGroup;
			children = (
				B504C23821CC2E1C002AF8BE /* Tip Calculator */,
				B504C24D21CC2E1E002AF8BE /* Tip CalculatorTests */,
				B504C25821CC2E1E002AF8BE /* Tip CalculatorUITests */,
				B504C23721CC2E1C002AF8BE /* Products */,
			);
			sourceTree = "<group>";
		};
		B504C23721CC2E1C002AF8BE /* Products */ = {
			isa = PBXGroup;
			children = (
				B504C23621CC2E1C002AF8BE /* Tip Calculator.app */,
				B504C24A21CC2E1E002AF8BE /* Tip CalculatorTests.xctest */,
				B504C25521CC2E1E002AF8BE /* Tip CalculatorUITests.xctest */,
			);
			name = Products;
			sourceTree = "<group>";
		};
		B504C23821CC2E1C002AF8BE /* Tip Calculator */ = {
			isa = PBXGroup;
			children = (
				B504C23921CC2E1C002AF8BE /* AppDelegate.swift */,
				B504C23B21CC2E1C002AF8BE /* ViewController.swift */,
				B504C23D21CC2E1C002AF8BE /* Main.storyboard */,
				B504C24021CC2E1E002AF8BE /* Assets.xcassets */,
				B504C24221CC2E1E002AF8BE /* LaunchScreen.storyboard */,
				B504C24521CC2E1E002AF8BE /* Info.plist */,
			);
			path = "Tip Calculator";
			sourceTree = "<group>";
		};
		B504C24D21CC2E1E002AF8BE /* Tip CalculatorTests */ = {
			isa = PBXGroup;
			children = (
				B504C24E21CC2E1E002AF8BE /* Tip_CalculatorTests.swift */,
				B504C25021CC2E1E002AF8BE /* Info.plist */,
			);
			path = "Tip CalculatorTests";
			sourceTree = "<group>";
		};
		B504C25821CC2E1E002AF8BE /* Tip CalculatorUITests */ = {
			isa = PBXGroup;
			children = (
				B504C25921CC2E1E002AF8BE /* Tip_CalculatorUITests.swift */,
				B504C25B21CC2E1E002AF8BE /* Info.plist */,
			);
			path = "Tip CalculatorUITests";
			sourceTree = "<group>";
		};
/* End PBXGroup section */

/* Begin PBXNativeTarget section */
		B504C23521CC2E1C002AF8BE /* Tip Calculator */ = {
			isa = PBXNativeTarget;
			buildConfigurationList = B504C25E21CC2E1E002AF8BE /* Build configuration list for PBXNativeTarget "Tip Calculator" */;
			buildPhases = (
				B504C23221CC2E1C002AF8BE /* Sources */,
				B504C23321CC2E1C002AF8BE /* Frameworks */,
				B504C23421CC2E1C002AF8BE /* Resources */,
			);
			buildRules = (
			);
			dependencies = (
			);
			name = "Tip Calculator";
			productName = "Tip Calculator";
			productReference = B504C23621CC2E1C002AF8BE /* Tip Calculator.app */;
			productType = "com.apple.product-type.application";
		};
		B504C24921CC2E1E002AF8BE /* Tip CalculatorTests */ = {
			isa = PBXNativeTarget;
			buildConfigurationList = B504C26121CC2E1E002AF8BE /* Build configuration list for PBXNativeTarget "Tip CalculatorTests" */;
			buildPhases = (
				B504C24621CC2E1E002AF8BE /* Sources */,
				B504C24721CC2E1E002AF8BE /* Frameworks */,
				B504C24821CC2E1E002AF8BE /* Resources */,
			);
			buildRules = (
			);
			dependencies = (
				B504C24C21CC2E1E002AF8BE /* PBXTargetDependency */,
			);
			name = "Tip CalculatorTests";
			productName = "Tip CalculatorTests";
			productReference = B504C24A21CC2E1E002AF8BE /* Tip CalculatorTests.xctest */;
			productType = "com.apple.product-type.bundle.unit-test";
		};
		B504C25421CC2E1E002AF8BE /* Tip CalculatorUITests */ = {
			isa = PBXNativeTarget;
			buildConfigurationList = B504C26421CC2E1E002AF8BE /* Build configuration list for PBXNativeTarget "Tip CalculatorUITests" */;
			buildPhases = (
				B504C25121CC2E1E002AF8BE /* Sources */,
				B504C25221CC2E1E002AF8BE /* Frameworks */,
				B504C25321CC2E1E002AF8BE /* Resources */,
			);
			buildRules = (
			);
			dependencies = (
				B504C25721CC2E1E002AF8BE /* PBXTargetDependency */,
			);
			name = "Tip CalculatorUITests";
			productName = "Tip CalculatorUITests";
			productReference = B504C25521CC2E1E002AF8BE /* Tip CalculatorUITests.xctest */;
			productType = "com.apple.product-type.bundle.ui-testing";
		};
/* End PBXNativeTarget section */

/* Begin PBXProject section */
		B504C22E21CC2E1C002AF8BE /* Project object */ = {
			isa = PBXProject;
			attributes = {
				LastSwiftUpdateCheck = 1010;
				LastUpgradeCheck = 1010;
				ORGANIZATIONNAME = "Prerana Sunilkumar";
				TargetAttributes = {
					B504C23521CC2E1C002AF8BE = {
						CreatedOnToolsVersion = 10.1;
					};
					B504C24921CC2E1E002AF8BE = {
						CreatedOnToolsVersion = 10.1;
						TestTargetID = B504C23521CC2E1C002AF8BE;
					};
					B504C25421CC2E1E002AF8BE = {
						CreatedOnToolsVersion = 10.1;
						TestTargetID = B504C23521CC2E1C002AF8BE;
					};
				};
			};
			buildConfigurationList = B504C23121CC2E1C002AF8BE /* Build configuration list for PBXProject "Tip Calculator" */;
			compatibilityVersion = "Xcode 9.3";
			developmentRegion = en;
			hasScannedForEncodings = 0;
			knownRegions = (
				en,
				Base,
			);
			mainGroup = B504C22D21CC2E1C002AF8BE;
			productRefGroup = B504C23721CC2E1C002AF8BE /* Products */;
			projectDirPath = "";
			projectRoot = "";
			targets = (
				B504C23521CC2E1C002AF8BE /* Tip Calculator */,
				B504C24921CC2E1E002AF8BE /* Tip CalculatorTests */,
				B504C25421CC2E1E002AF8BE /* Tip CalculatorUITests */,
			);
		};
/* End PBXProject section */

/* Begin PBXResourcesBuildPhase section */
		B504C23421CC2E1C002AF8BE /* Resources */ = {
			isa = PBXResourcesBuildPhase;
			buildActionMask = 2147483647;
			files = (
				B504C24421CC2E1E002AF8BE /* LaunchScreen.storyboard in Resources */,
				B504C24121CC2E1E002AF8BE /* Assets.xcassets in Resources */,
				B504C23F21CC2E1C002AF8BE /* Main.storyboard in Resources */,
			);
			runOnlyForDeploymentPostprocessing = 0;
		};
		B504C24821CC2E1E002AF8BE /* Resources */ = {
			isa = PBXResourcesBuildPhase;
			buildActionMask = 2147483647;
			files = (
			);
			runOnlyForDeploymentPostprocessing = 0;
		};
		B504C25321CC2E1E002AF8BE /* Resources */ = {
			isa = PBXResourcesBuildPhase;
			buildActionMask = 2147483647;
			files = (
			);
			runOnlyForDeploymentPostprocessing = 0;
		};
/* End PBXResourcesBuildPhase section */

/* Begin PBXSourcesBuildPhase section */
		B504C23221CC2E1C002AF8BE /* Sources */ = {
			isa = PBXSourcesBuildPhase;
			buildActionMask = 2147483647;
			files = (
				B504C23C21CC2E1C002AF8BE /* ViewController.swift in Sources */,
				B504C23A21CC2E1C002AF8BE /* AppDelegate.swift in Sources */,
			);
			runOnlyForDeploymentPostprocessing = 0;
		};
		B504C24621CC2E1E002AF8BE /* Sources */ = {
			isa = PBXSourcesBuildPhase;
			buildActionMask = 2147483647;
			files = (
				B504C24F21CC2E1E002AF8BE /* Tip_CalculatorTests.swift in Sources */,
			);
			runOnlyForDeploymentPostprocessing = 0;
		};
		B504C25121CC2E1E002AF8BE /* Sources */ = {
			isa = PBXSourcesBuildPhase;
			buildActionMask = 2147483647;
			files = (
				B504C25A21CC2E1E002AF8BE /* Tip_CalculatorUITests.swift in Sources */,
			);
			runOnlyForDeploymentPostprocessing = 0;
		};
/* End PBXSourcesBuildPhase section */

/* Begin PBXTargetDependency section */
		B504C24C21CC2E1E002AF8BE /* PBXTargetDependency */ = {
			isa = PBXTargetDependency;
			target = B504C23521CC2E1C002AF8BE /* Tip Calculator */;
			targetProxy = B504C24B21CC2E1E002AF8BE /* PBXContainerItemProxy */;
		};
		B504C25721CC2E1E002AF8BE /* PBXTargetDependency */ = {
			isa = PBXTargetDependency;
			target = B504C23521CC2E1C002AF8BE /* Tip Calculator */;
			targetProxy = B504C25621CC2E1E002AF8BE /* PBXContainerItemProxy */;
		};
/* End PBXTargetDependency section */

/* Begin PBXVariantGroup section */
		B504C23D21CC2E1C002AF8BE /* Main.storyboard */ = {
			isa = PBXVariantGroup;
			children = (
				B504C23E21CC2E1C002AF8BE /* Base */,
			);
			name = Main.storyboard;
			sourceTree = "<group>";
		};
		B504C24221CC2E1E002AF8BE /* LaunchScreen.storyboard */ = {
			isa = PBXVariantGroup;
			children = (
				B504C24321CC2E1E002AF8BE /* Base */,
			);
			name = LaunchScreen.storyboard;
			sourceTree = "<group>";
		};
/* End PBXVariantGroup section */

/* Begin XCBuildConfiguration section */
		B504C25C21CC2E1E002AF8BE /* Debug */ = {
			isa = XCBuildConfiguration;
			buildSettings = {
				ALWAYS_SEARCH_USER_PATHS = NO;
				CLANG_ANALYZER_NONNULL = YES;
				CLANG_ANALYZER_NUMBER_OBJECT_CONVERSION = YES_AGGRESSIVE;
				CLANG_CXX_LANGUAGE_STANDARD = "gnu++14";
				CLANG_CXX_LIBRARY = "libc++";
				CLANG_ENABLE_MODULES = YES;
				CLANG_ENABLE_OBJC_ARC = YES;
				CLANG_ENABLE_OBJC_WEAK = YES;
				CLANG_WARN_BLOCK_CAPTURE_AUTORELEASING = YES;
				CLANG_WARN_BOOL_CONVERSION = YES;
				CLANG_WARN_COMMA = YES;
				CLANG_WARN_CONSTANT_CONVERSION = YES;
				CLANG_WARN_DEPRECATED_OBJC_IMPLEMENTATIONS = YES;
				CLANG_WARN_DIRECT_OBJC_ISA_USAGE = YES_ERROR;
				CLANG_WARN_DOCUMENTATION_COMMENTS = YES;
				CLANG_WARN_EMPTY_BODY = YES;
				CLANG_WARN_ENUM_CONVERSION = YES;
				CLANG_WARN_INFINITE_RECURSION = YES;
				CLANG_WARN_INT_CONVERSION = YES;
				CLANG_WARN_NON_LITERAL_NULL_CONVERSION = YES;
				CLANG_WARN_OBJC_IMPLICIT_RETAIN_SELF = YES;
				CLANG_WARN_OBJC_LITERAL_CONVERSION = YES;
				CLANG_WARN_OBJC_ROOT_CLASS = YES_ERROR;
				CLANG_WARN_RANGE_LOOP_ANALYSIS = YES;
				CLANG_WARN_STRICT_PROTOTYPES = YES;
				CLANG_WARN_SUSPICIOUS_MOVE = YES;
				CLANG_WARN_UNGUARDED_AVAILABILITY = YES_AGGRESSIVE;
				CLANG_WARN_UNREACHABLE_CODE = YES;
				CLANG_WARN__DUPLICATE_METHOD_MATCH = YES;
				CODE_SIGN_IDENTITY = "iPhone Developer";
				COPY_PHASE_STRIP = NO;
				DEBUG_INFORMATION_FORMAT = dwarf;
				ENABLE_STRICT_OBJC_MSGSEND = YES;
				ENABLE_TESTABILITY = YES;
				GCC_C_LANGUAGE_STANDARD = gnu11;
				GCC_DYNAMIC_NO_PIC = NO;
				GCC_NO_COMMON_BLOCKS = YES;
				GCC_OPTIMIZATION_LEVEL = 0;
				GCC_PREPROCESSOR_DEFINITIONS = (
					"DEBUG=1",
					"$(inherited)",
				);
				GCC_WARN_64_TO_32_BIT_CONVERSION = YES;
				GCC_WARN_ABOUT_RETURN_TYPE = YES_ERROR;
				GCC_WARN_UNDECLARED_SELECTOR = YES;
				GCC_WARN_UNINITIALIZED_AUTOS = YES_AGGRESSIVE;
				GCC_WARN_UNUSED_FUNCTION = YES;
				GCC_WARN_UNUSED_VARIABLE = YES;
				IPHONEOS_DEPLOYMENT_TARGET = 12.1;
				MTL_ENABLE_DEBUG_INFO = INCLUDE_SOURCE;
				MTL_FAST_MATH = YES;
				ONLY_ACTIVE_ARCH = YES;
				SDKROOT = iphoneos;
				SWIFT_ACTIVE_COMPILATION_CONDITIONS = DEBUG;
				SWIFT_OPTIMIZATION_LEVEL = "-Onone";
			};
			name = Debug;
		};
		B504C25D21CC2E1E002AF8BE /* Release */ = {
			isa = XCBuildConfiguration;
			buildSettings = {
				ALWAYS_SEARCH_USER_PATHS = NO;
				CLANG_ANALYZER_NONNULL = YES;
				CLANG_ANALYZER_NUMBER_OBJECT_CONVERSION = YES_AGGRESSIVE;
				CLANG_CXX_LANGUAGE_STANDARD = "gnu++14";
				CLANG_CXX_LIBRARY = "libc++";
				CLANG_ENABLE_MODULES = YES;
				CLANG_ENABLE_OBJC_ARC = YES;
				CLANG_ENABLE_OBJC_WEAK = YES;
				CLANG_WARN_BLOCK_CAPTURE_AUTORELEASING = YES;
				CLANG_WARN_BOOL_CONVERSION = YES;
				CLANG_WARN_COMMA = YES;
				CLANG_WARN_CONSTANT_CONVERSION = YES;
				CLANG_WARN_DEPRECATED_OBJC_IMPLEMENTATIONS = YES;
				CLANG_WARN_DIRECT_OBJC_ISA_USAGE = YES_ERROR;
				CLANG_WARN_DOCUMENTATION_COMMENTS = YES;
				CLANG_WARN_EMPTY_BODY = YES;
				CLANG_WARN_ENUM_CONVERSION = YES;
				CLANG_WARN_INFINITE_RECURSION = YES;
				CLANG_WARN_INT_CONVERSION = YES;
				CLANG_WARN_NON_LITERAL_NULL_CONVERSION = YES;
				CLANG_WARN_OBJC_IMPLICIT_RETAIN_SELF = YES;
				CLANG_WARN_OBJC_LITERAL_CONVERSION = YES;
				CLANG_WARN_OBJC_ROOT_CLASS = YES_ERROR;
				CLANG_WARN_RANGE_LOOP_ANALYSIS = YES;
				CLANG_WARN_STRICT_PROTOTYPES = YES;
				CLANG_WARN_SUSPICIOUS_MOVE = YES;
				CLANG_WARN_UNGUARDED_AVAILABILITY = YES_AGGRESSIVE;
				CLANG_WARN_UNREACHABLE_CODE = YES;
				CLANG_WARN__DUPLICATE_METHOD_MATCH = YES;
				CODE_SIGN_IDENTITY = "iPhone Developer";
				COPY_PHASE_STRIP = NO;
				DEBUG_INFORMATION_FORMAT = "dwarf-with-dsym";
				ENABLE_NS_ASSERTIONS = NO;
				ENABLE_STRICT_OBJC_MSGSEND = YES;
				GCC_C_LANGUAGE_STANDARD = gnu11;
				GCC_NO_COMMON_BLOCKS = YES;
				GCC_WARN_64_TO_32_BIT_CONVERSION = YES;
				GCC_WARN_ABOUT_RETURN_TYPE = YES_ERROR;
				GCC_WARN_UNDECLARED_SELECTOR = YES;
				GCC_WARN_UNINITIALIZED_AUTOS = YES_AGGRESSIVE;
				GCC_WARN_UNUSED_FUNCTION = YES;
				GCC_WARN_UNUSED_VARIABLE = YES;
				IPHONEOS_DEPLOYMENT_TARGET = 12.1;
				MTL_ENABLE_DEBUG_INFO = NO;
				MTL_FAST_MATH = YES;
				SDKROOT = iphoneos;
				SWIFT_COMPILATION_MODE = wholemodule;
				SWIFT_OPTIMIZATION_LEVEL = "-O";
				VALIDATE_PRODUCT = YES;
			};
			name = Release;
		};
		B504C25F21CC2E1E002AF8BE /* Debug */ = {
			isa = XCBuildConfiguration;
			buildSettings = {
				ASSETCATALOG_COMPILER_APPICON_NAME = AppIcon;
				CODE_SIGN_STYLE = Automatic;
				INFOPLIST_FILE = "Tip Calculator/Info.plist";
				LD_RUNPATH_SEARCH_PATHS = (
					"$(inherited)",
					"@executable_path/Frameworks",
				);
				PRODUCT_BUNDLE_IDENTIFIER = "com.codepath.Tip-Calculator";
				PRODUCT_NAME = "$(TARGET_NAME)";
				SWIFT_VERSION = 4.2;
				TARGETED_DEVICE_FAMILY = 1;
			};
			name = Debug;
		};
		B504C26021CC2E1E002AF8BE /* Release */ = {
			isa = XCBuildConfiguration;
			buildSettings = {
				ASSETCATALOG_COMPILER_APPICON_NAME = AppIcon;
				CODE_SIGN_STYLE = Automatic;
				INFOPLIST_FILE = "Tip Calculator/Info.plist";
				LD_RUNPATH_SEARCH_PATHS = (
					"$(inherited)",
					"@executable_path/Frameworks",
				);
				PRODUCT_BUNDLE_IDENTIFIER = "com.codepath.Tip-Calculator";
				PRODUCT_NAME = "$(TARGET_NAME)";
				SWIFT_VERSION = 4.2;
				TARGETED_DEVICE_FAMILY = 1;
			};
			name = Release;
		};
		B504C26221CC2E1E002AF8BE /* Debug */ = {
			isa = XCBuildConfiguration;
			buildSettings = {
				ALWAYS_EMBED_SWIFT_STANDARD_LIBRARIES = YES;
				BUNDLE_LOADER = "$(TEST_HOST)";
				CODE_SIGN_STYLE = Automatic;
				INFOPLIST_FILE = "Tip CalculatorTests/Info.plist";
				LD_RUNPATH_SEARCH_PATHS = (
					"$(inherited)",
					"@executable_path/Frameworks",
					"@loader_path/Frameworks",
				);
				PRODUCT_BUNDLE_IDENTIFIER = "com.codepath.Tip-CalculatorTests";
				PRODUCT_NAME = "$(TARGET_NAME)";
				SWIFT_VERSION = 4.2;
				TARGETED_DEVICE_FAMILY = "1,2";
				TEST_HOST = "$(BUILT_PRODUCTS_DIR)/Tip Calculator.app/Tip Calculator";
			};
			name = Debug;
		};
		B504C26321CC2E1E002AF8BE /* Release */ = {
			isa = XCBuildConfiguration;
			buildSettings = {
				ALWAYS_EMBED_SWIFT_STANDARD_LIBRARIES = YES;
				BUNDLE_LOADER = "$(TEST_HOST)";
				CODE_SIGN_STYLE = Automatic;
				INFOPLIST_FILE = "Tip CalculatorTests/Info.plist";
				LD_RUNPATH_SEARCH_PATHS = (
					"$(inherited)",
					"@executable_path/Frameworks",
					"@loader_path/Frameworks",
				);
				PRODUCT_BUNDLE_IDENTIFIER = "com.codepath.Tip-CalculatorTests";
				PRODUCT_NAME = "$(TARGET_NAME)";
				SWIFT_VERSION = 4.2;
				TARGETED_DEVICE_FAMILY = "1,2";
				TEST_HOST = "$(BUILT_PRODUCTS_DIR)/Tip Calculator.app/Tip Calculator";
			};
			name = Release;
		};
		B504C26521CC2E1E002AF8BE /* Debug */ = {
			isa = XCBuildConfiguration;
			buildSettings = {
				ALWAYS_EMBED_SWIFT_STANDARD_LIBRARIES = YES;
				CODE_SIGN_STYLE = Automatic;
				INFOPLIST_FILE = "Tip CalculatorUITests/Info.plist";
				LD_RUNPATH_SEARCH_PATHS = (
					"$(inherited)",
					"@executable_path/Frameworks",
					"@loader_path/Frameworks",
				);
				PRODUCT_BUNDLE_IDENTIFIER = "com.codepath.Tip-CalculatorUITests";
				PRODUCT_NAME = "$(TARGET_NAME)";
				SWIFT_VERSION = 4.2;
				TARGETED_DEVICE_FAMILY = "1,2";
				TEST_TARGET_NAME = "Tip Calculator";
			};
			name = Debug;
		};
		B504C26621CC2E1E002AF8BE /* Release */ = {
			isa = XCBuildConfiguration;
			buildSettings = {
				ALWAYS_EMBED_SWIFT_STANDARD_LIBRARIES = YES;
				CODE_SIGN_STYLE = Automatic;
				INFOPLIST_FILE = "Tip CalculatorUITests/Info.plist";
				LD_RUNPATH_SEARCH_PATHS = (
					"$(inherited)",
					"@executable_path/Frameworks",
					"@loader_path/Frameworks",
				);
				PRODUCT_BUNDLE_IDENTIFIER = "com.codepath.Tip-CalculatorUITests";
				PRODUCT_NAME = "$(TARGET_NAME)";
				SWIFT_VERSION = 4.2;
				TARGETED_DEVICE_FAMILY = "1,2";
				TEST_TARGET_NAME = "Tip Calculator";
			};
			name = Release;
		};
/* End XCBuildConfiguration section */

/* Begin XCConfigurationList section */
		B504C23121CC2E1C002AF8BE /* Build configuration list for PBXProject "Tip Calculator" */ = {
			isa = XCConfigurationList;
			buildConfigurations = (
				B504C25C21CC2E1E002AF8BE /* Debug */,
				B504C25D21CC2E1E002AF8BE /* Release */,
			);
			defaultConfigurationIsVisible = 0;
			defaultConfigurationName = Release;
		};
		B504C25E21CC2E1E002AF8BE /* Build configuration list for PBXNativeTarget "Tip Calculator" */ = {
			isa = XCConfigurationList;
			buildConfigurations = (
				B504C25F21CC2E1E002AF8BE /* Debug */,
				B504C26021CC2E1E002AF8BE /* Release */,
			);
			defaultConfigurationIsVisible = 0;
			defaultConfigurationName = Release;
		};
		B504C26121CC2E1E002AF8BE /* Build configuration list for PBXNativeTarget "Tip CalculatorTests" */ = {
			isa = XCConfigurationList;
			buildConfigurations = (
				B504C26221CC2E1E002AF8BE /* Debug */,
				B504C26321CC2E1E002AF8BE /* Release */,
			);
			defaultConfigurationIsVisible = 0;
			defaultConfigurationName = Release;
		};
		B504C26421CC2E1E002AF8BE /* Build configuration list for PBXNativeTarget "Tip CalculatorUITests" */ = {
			isa = XCConfigurationList;
			buildConfigurations = (
				B504C26521CC2E1E002AF8BE /* Debug */,
				B504C26621CC2E1E002AF8BE /* Release */,
			);
			defaultConfigurationIsVisible = 0;
			defaultConfigurationName = Release;
		};
/* End XCConfigurationList section */
	};
	rootObject = B504C22E21CC2E1C002AF8BE /* Project object */;
}
